
Microsoft Visual Studio Solution File, Format Version 12.00
# Visual Studio Version 17
VisualStudioVersion = 17.9.34902.65
MinimumVisualStudioVersion = 10.0.40219.1
Project("{FAE04EC0-301F-11D3-BF4B-00C04F79EFBC}") = "WpfApp1", "WpfApp1.csproj", "{97A51A5F-3E86-4D2E-AA19-DF196FF7B95B}"
EndProject
Project("{FAE04EC0-301F-11D3-BF4B-00C04F79EFBC}") = "ClassLibrary", "..\ClassLibrary\ClassLibrary.csproj", "{C076FE80-CF97-4AD2-9D11-CA1D7882F0CA}"
EndProject
Project("{FAE04EC0-301F-11D3-BF4B-00C04F79EFBC}") = "LocalizationLibrary", "..\LocalizationLibrary\LocalizationLibrary.csproj", "{4C4F3342-DA2C-418B-8B6F-B85175CFFA90}"
EndProject
Global
	GlobalSection(SolutionConfigurationPlatforms) = preSolution
		Debug|Any CPU = Debug|Any CPU
		Release|Any CPU = Release|Any CPU
	EndGlobalSection
	GlobalSection(ProjectConfigurationPlatforms) = postSolution
		{97A51A5F-3E86-4D2E-AA19-DF196FF7B95B}.Debug|Any CPU.ActiveCfg = Debug|Any CPU
		{97A51A5F-3E86-4D2E-AA19-DF196FF7B95B}.Debug|Any CPU.Build.0 = Debug|Any CPU
		{97A51A5F-3E86-4D2E-AA19-DF196FF7B95B}.Release|Any CPU.ActiveCfg = Release|Any CPU
		{97A51A5F-3E86-4D2E-AA19-DF196FF7B95B}.Release|Any CPU.Build.0 = Release|Any CPU
		{C076FE80-CF97-4AD2-9D11-CA1D7882F0CA}.Debug|Any CPU.ActiveCfg = Debug|Any CPU
		{C076FE80-CF97-4AD2-9D11-CA1D7882F0CA}.Debug|Any CPU.Build.0 = Debug|Any CPU
		{C076FE80-CF97-4AD2-9D11-CA1D7882F0CA}.Release|Any CPU.ActiveCfg = Release|Any CPU
		{C076FE80-CF97-4AD2-9D11-CA1D7882F0CA}.Release|Any CPU.Build.0 = Release|Any CPU
		{4C4F3342-DA2C-418B-8B6F-B85175CFFA90}.Debug|Any CPU.ActiveCfg = Debug|Any CPU
		{4C4F3342-DA2C-418B-8B6F-B85175CFFA90}.Debug|Any CPU.Build.0 = Debug|Any CPU
		{4C4F3342-DA2C-418B-8B6F-B85175CFFA90}.Release|Any CPU.ActiveCfg = Release|Any CPU
		{4C4F3342-DA2C-418B-8B6F-B85175CFFA90}.Release|Any CPU.Build.0 = Release|Any CPU
	EndGlobalSection
	GlobalSection(SolutionProperties) = preSolution
		HideSolutionNode = FALSE
	EndGlobalSection
	GlobalSection(ExtensibilityGlobals) = postSolution
		SolutionGuid = {9B52EE26-320E-4E47-A0CB-78C82E14DB20}
	EndGlobalSection
EndGlobal
